
Microsoft Visual Studio Solution File, Format Version 12.00
# Visual Studio Version 16
VisualStudioVersion = 16.0.28922.388
MinimumVisualStudioVersion = 10.0.40219.1
Project("{9A19103F-16F7-4668-BE54-9A1E7A4F7556}") = "继承", "继承\继承.csproj", "{4DDBA703-5AFD-4AA0-90CB-89769DC35A79}"
EndProject
Project("{2150E333-8FDC-42A3-9474-1A3956D46DE8}") = "第五章", "第五章", "{74566229-8AC2-47E2-9FC8-CCD6E96D6223}"
EndProject
Project("{FAE04EC0-301F-11D3-BF4B-00C04F79EFBC}") = "封装", "第五章\封装\封装.csproj", "{0B46B9AB-C414-4EC9-BCCE-41AF1A391127}"
EndProject
Global
	GlobalSection(SolutionConfigurationPlatforms) = preSolution
		Debug|Any CPU = Debug|Any CPU
		Release|Any CPU = Release|Any CPU
	EndGlobalSection
	GlobalSection(ProjectConfigurationPlatforms) = postSolution
		{4DDBA703-5AFD-4AA0-90CB-89769DC35A79}.Debug|Any CPU.ActiveCfg = Debug|Any CPU
		{4DDBA703-5AFD-4AA0-90CB-89769DC35A79}.Debug|Any CPU.Build.0 = Debug|Any CPU
		{4DDBA703-5AFD-4AA0-90CB-89769DC35A79}.Release|Any CPU.ActiveCfg = Release|Any CPU
		{4DDBA703-5AFD-4AA0-90CB-89769DC35A79}.Release|Any CPU.Build.0 = Release|Any CPU
		{0B46B9AB-C414-4EC9-BCCE-41AF1A391127}.Debug|Any CPU.ActiveCfg = Debug|Any CPU
		{0B46B9AB-C414-4EC9-BCCE-41AF1A391127}.Debug|Any CPU.Build.0 = Debug|Any CPU
		{0B46B9AB-C414-4EC9-BCCE-41AF1A391127}.Release|Any CPU.ActiveCfg = Release|Any CPU
		{0B46B9AB-C414-4EC9-BCCE-41AF1A391127}.Release|Any CPU.Build.0 = Release|Any CPU
	EndGlobalSection
	GlobalSection(SolutionProperties) = preSolution
		HideSolutionNode = FALSE
	EndGlobalSection
	GlobalSection(NestedProjects) = preSolution
		{4DDBA703-5AFD-4AA0-90CB-89769DC35A79} = {74566229-8AC2-47E2-9FC8-CCD6E96D6223}
		{0B46B9AB-C414-4EC9-BCCE-41AF1A391127} = {74566229-8AC2-47E2-9FC8-CCD6E96D6223}
	EndGlobalSection
	GlobalSection(ExtensibilityGlobals) = postSolution
		SolutionGuid = {D49CE961-D2A8-472B-A2E9-0D47FBB50881}
	EndGlobalSection
EndGlobal
